
Microsoft Visual Studio Solution File, Format Version 12.00
# Visual Studio Version 17
VisualStudioVersion = 17.4.33205.214
MinimumVisualStudioVersion = 10.0.40219.1
Project("{8BC9CEB8-8B4A-11D0-8D11-00A0C91BC942}") = "Grounded_Fancy", "Grounded_Fancy\Grounded_Fancy.vcxproj", "{A1986752-10C9-497F-8218-BBB06B11F85B}"
EndProject
Project("{8BC9CEB8-8B4A-11D0-8D11-00A0C91BC942}") = "Maine", "Maine\Maine.vcxproj", "{2A3D19DF-7AE7-4C53-9B38-21AF964315DD}"
EndProject
Global
	GlobalSection(SolutionConfigurationPlatforms) = preSolution
		Debug|x64 = Debug|x64
		Debug|x86 = Debug|x86
		Release|x64 = Release|x64
		Release|x86 = Release|x86
	EndGlobalSection
	GlobalSection(ProjectConfigurationPlatforms) = postSolution
		{A1986752-10C9-497F-8218-BBB06B11F85B}.Debug|x64.ActiveCfg = Debug|x64
		{A1986752-10C9-497F-8218-BBB06B11F85B}.Debug|x64.Build.0 = Debug|x64
		{A1986752-10C9-497F-8218-BBB06B11F85B}.Debug|x86.ActiveCfg = Debug|Win32
		{A1986752-10C9-497F-8218-BBB06B11F85B}.Debug|x86.Build.0 = Debug|Win32
		{A1986752-10C9-497F-8218-BBB06B11F85B}.Release|x64.ActiveCfg = Release|x64
		{A1986752-10C9-497F-8218-BBB06B11F85B}.Release|x64.Build.0 = Release|x64
		{A1986752-10C9-497F-8218-BBB06B11F85B}.Release|x86.ActiveCfg = Release|Win32
		{A1986752-10C9-497F-8218-BBB06B11F85B}.Release|x86.Build.0 = Release|Win32
		{2A3D19DF-7AE7-4C53-9B38-21AF964315DD}.Debug|x64.ActiveCfg = Debug|x64
		{2A3D19DF-7AE7-4C53-9B38-21AF964315DD}.Debug|x64.Build.0 = Debug|x64
		{2A3D19DF-7AE7-4C53-9B38-21AF964315DD}.Debug|x86.ActiveCfg = Debug|Win32
		{2A3D19DF-7AE7-4C53-9B38-21AF964315DD}.Debug|x86.Build.0 = Debug|Win32
		{2A3D19DF-7AE7-4C53-9B38-21AF964315DD}.Release|x64.ActiveCfg = Release|x64
		{2A3D19DF-7AE7-4C53-9B38-21AF964315DD}.Release|x64.Build.0 = Release|x64
		{2A3D19DF-7AE7-4C53-9B38-21AF964315DD}.Release|x86.ActiveCfg = Release|Win32
		{2A3D19DF-7AE7-4C53-9B38-21AF964315DD}.Release|x86.Build.0 = Release|Win32
	EndGlobalSection
	GlobalSection(SolutionProperties) = preSolution
		HideSolutionNode = FALSE
	EndGlobalSection
	GlobalSection(ExtensibilityGlobals) = postSolution
		SolutionGuid = {55BD8893-D5EC-4114-9667-85398A6B9F5C}
	EndGlobalSection
EndGlobal
